// !$*UTF8*$!
{
	archiveVersion = 1;
	classes = {
	};
	objectVersion = 46;
	objects = {

/* Begin PBXBuildFile section */
		3523E8491B5FC6F90042E105 /* Player.swift in Sources */ = {isa = PBXBuildFile; fileRef = 3523E8481B5FC6F90042E105 /* Player.swift */; };
		354AFC9F1B5E3A4100A61612 /* AppDelegate.swift in Sources */ = {isa = PBXBuildFile; fileRef = 354AFC9E1B5E3A4100A61612 /* AppDelegate.swift */; };
		354AFCA11B5E3A4100A61612 /* TeamTableViewController.swift in Sources */ = {isa = PBXBuildFile; fileRef = 354AFCA01B5E3A4100A61612 /* TeamTableViewController.swift */; };
		354AFCA41B5E3A4100A61612 /* Main.storyboard in Resources */ = {isa = PBXBuildFile; fileRef = 354AFCA21B5E3A4100A61612 /* Main.storyboard */; };
		354AFCA61B5E3A4100A61612 /* Images.xcassets in Resources */ = {isa = PBXBuildFile; fileRef = 354AFCA51B5E3A4100A61612 /* Images.xcassets */; };
		354AFCA91B5E3A4100A61612 /* LaunchScreen.xib in Resources */ = {isa = PBXBuildFile; fileRef = 354AFCA71B5E3A4100A61612 /* LaunchScreen.xib */; };
		354AFCB51B5E3A4100A61612 /* WMTests.swift in Sources */ = {isa = PBXBuildFile; fileRef = 354AFCB41B5E3A4100A61612 /* WMTests.swift */; };
		354AFCBF1B5E4C2400A61612 /* Team.swift in Sources */ = {isa = PBXBuildFile; fileRef = 354AFCBE1B5E4C2400A61612 /* Team.swift */; };
		354AFCC11B5E4E7600A61612 /* Util.swift in Sources */ = {isa = PBXBuildFile; fileRef = 354AFCC01B5E4E7600A61612 /* Util.swift */; };
/* End PBXBuildFile section */

/* Begin PBXContainerItemProxy section */
		354AFCAF1B5E3A4100A61612 /* PBXContainerItemProxy */ = {
			isa = PBXContainerItemProxy;
			containerPortal = 354AFC911B5E3A4100A61612 /* Project object */;
			proxyType = 1;
			remoteGlobalIDString = 354AFC981B5E3A4100A61612;
			remoteInfo = WM;
		};
/* End PBXContainerItemProxy section */

/* Begin PBXFileReference section */
		3523E8481B5FC6F90042E105 /* Player.swift */ = {isa = PBXFileReference; fileEncoding = 4; lastKnownFileType = sourcecode.swift; name = Player.swift; path = ../Player.swift; sourceTree = "<group>"; };
		354AFC991B5E3A4100A61612 /* WM.app */ = {isa = PBXFileReference; explicitFileType = wrapper.application; includeInIndex = 0; path = WM.app; sourceTree = BUILT_PRODUCTS_DIR; };
		354AFC9D1B5E3A4100A61612 /* Info.plist */ = {isa = PBXFileReference; lastKnownFileType = text.plist.xml; path = Info.plist; sourceTree = "<group>"; };
		354AFC9E1B5E3A4100A61612 /* AppDelegate.swift */ = {isa = PBXFileReference; lastKnownFileType = sourcecode.swift; path = AppDelegate.swift; sourceTree = "<group>"; };
		354AFCA01B5E3A4100A61612 /* TeamTableViewController.swift */ = {isa = PBXFileReference; lastKnownFileType = sourcecode.swift; path = TeamTableViewController.swift; sourceTree = "<group>"; };
		354AFCA31B5E3A4100A61612 /* Base */ = {isa = PBXFileReference; lastKnownFileType = file.storyboard; name = Base; path = Base.lproj/Main.storyboard; sourceTree = "<group>"; };
		354AFCA51B5E3A4100A61612 /* Images.xcassets */ = {isa = PBXFileReference; lastKnownFileType = folder.assetcatalog; path = Images.xcassets; sourceTree = "<group>"; };
		354AFCA81B5E3A4100A61612 /* Base */ = {isa = PBXFileReference; lastKnownFileType = file.xib; name = Base; path = Base.lproj/LaunchScreen.xib; sourceTree = "<group>"; };
		354AFCAE1B5E3A4100A61612 /* WMTests.xctest */ = {isa = PBXFileReference; explicitFileType = wrapper.cfbundle; includeInIndex = 0; path = WMTests.xctest; sourceTree = BUILT_PRODUCTS_DIR; };
		354AFCB31B5E3A4100A61612 /* Info.plist */ = {isa = PBXFileReference; lastKnownFileType = text.plist.xml; path = Info.plist; sourceTree = "<group>"; };
		354AFCB41B5E3A4100A61612 /* WMTests.swift */ = {isa = PBXFileReference; lastKnownFileType = sourcecode.swift; path = WMTests.swift; sourceTree = "<group>"; };
		354AFCBE1B5E4C2400A61612 /* Team.swift */ = {isa = PBXFileReference; fileEncoding = 4; lastKnownFileType = sourcecode.swift; path = Team.swift; sourceTree = "<group>"; };
		354AFCC01B5E4E7600A61612 /* Util.swift */ = {isa = PBXFileReference; fileEncoding = 4; lastKnownFileType = sourcecode.swift; path = Util.swift; sourceTree = "<group>"; };
/* End PBXFileReference section */

/* Begin PBXFrameworksBuildPhase section */
		354AFC961B5E3A4100A61612 /* Frameworks */ = {
			isa = PBXFrameworksBuildPhase;
			buildActionMask = 2147483647;
			files = (
			);
			runOnlyForDeploymentPostprocessing = 0;
		};
		354AFCAB1B5E3A4100A61612 /* Frameworks */ = {
			isa = PBXFrameworksBuildPhase;
			buildActionMask = 2147483647;
			files = (
			);
			runOnlyForDeploymentPostprocessing = 0;
		};
/* End PBXFrameworksBuildPhase section */

/* Begin PBXGroup section */
		354AFC901B5E3A4100A61612 = {
			isa = PBXGroup;
			children = (
				354AFC9B1B5E3A4100A61612 /* WM */,
				354AFCB11B5E3A4100A61612 /* WMTests */,
				354AFC9A1B5E3A4100A61612 /* Products */,
			);
			sourceTree = "<group>";
		};
		354AFC9A1B5E3A4100A61612 /* Products */ = {
			isa = PBXGroup;
			children = (
				354AFC991B5E3A4100A61612 /* WM.app */,
				354AFCAE1B5E3A4100A61612 /* WMTests.xctest */,
			);
			name = Products;
			sourceTree = "<group>";
		};
		354AFC9B1B5E3A4100A61612 /* WM */ = {
			isa = PBXGroup;
			children = (
				354AFC9E1B5E3A4100A61612 /* AppDelegate.swift */,
				354AFCA01B5E3A4100A61612 /* TeamTableViewController.swift */,
				354AFCA21B5E3A4100A61612 /* Main.storyboard */,
				354AFCA51B5E3A4100A61612 /* Images.xcassets */,
				354AFCA71B5E3A4100A61612 /* LaunchScreen.xib */,
				354AFC9C1B5E3A4100A61612 /* Supporting Files */,
				354AFCC01B5E4E7600A61612 /* Util.swift */,
				3523E8481B5FC6F90042E105 /* Player.swift */,
				354AFCBE1B5E4C2400A61612 /* Team.swift */,
			);
			path = WM;
			sourceTree = "<group>";
		};
		354AFC9C1B5E3A4100A61612 /* Supporting Files */ = {
			isa = PBXGroup;
			children = (
				354AFC9D1B5E3A4100A61612 /* Info.plist */,
			);
			name = "Supporting Files";
			sourceTree = "<group>";
		};
		354AFCB11B5E3A4100A61612 /* WMTests */ = {
			isa = PBXGroup;
			children = (
				354AFCB41B5E3A4100A61612 /* WMTests.swift */,
				354AFCB21B5E3A4100A61612 /* Supporting Files */,
			);
			path = WMTests;
			sourceTree = "<group>";
		};
		354AFCB21B5E3A4100A61612 /* Supporting Files */ = {
			isa = PBXGroup;
			children = (
				354AFCB31B5E3A4100A61612 /* Info.plist */,
			);
			name = "Supporting Files";
			sourceTree = "<group>";
		};
/* End PBXGroup section */

/* Begin PBXNativeTarget section */
		354AFC981B5E3A4100A61612 /* WM */ = {
			isa = PBXNativeTarget;
			buildConfigurationList = 354AFCB81B5E3A4100A61612 /* Build configuration list for PBXNativeTarget "WM" */;
			buildPhases = (
				354AFC951B5E3A4100A61612 /* Sources */,
				354AFC961B5E3A4100A61612 /* Frameworks */,
				354AFC971B5E3A4100A61612 /* Resources */,
			);
			buildRules = (
			);
			dependencies = (
			);
			name = WM;
			productName = WM;
			productReference = 354AFC991B5E3A4100A61612 /* WM.app */;
			productType = "com.apple.product-type.application";
		};
		354AFCAD1B5E3A4100A61612 /* WMTests */ = {
			isa = PBXNativeTarget;
			buildConfigurationList = 354AFCBB1B5E3A4100A61612 /* Build configuration list for PBXNativeTarget "WMTests" */;
			buildPhases = (
				354AFCAA1B5E3A4100A61612 /* Sources */,
				354AFCAB1B5E3A4100A61612 /* Frameworks */,
				354AFCAC1B5E3A4100A61612 /* Resources */,
			);
			buildRules = (
			);
			dependencies = (
				354AFCB01B5E3A4100A61612 /* PBXTargetDependency */,
			);
			name = WMTests;
			productName = WMTests;
			productReference = 354AFCAE1B5E3A4100A61612 /* WMTests.xctest */;
			productType = "com.apple.product-type.bundle.unit-test";
		};
/* End PBXNativeTarget section */

/* Begin PBXProject section */
		354AFC911B5E3A4100A61612 /* Project object */ = {
			isa = PBXProject;
			attributes = {
				LastUpgradeCheck = 0630;
				ORGANIZATIONNAME = "Daniel Bader";
				TargetAttributes = {
					354AFC981B5E3A4100A61612 = {
						CreatedOnToolsVersion = 6.3.2;
					};
					354AFCAD1B5E3A4100A61612 = {
						CreatedOnToolsVersion = 6.3.2;
						TestTargetID = 354AFC981B5E3A4100A61612;
					};
				};
			};
			buildConfigurationList = 354AFC941B5E3A4100A61612 /* Build configuration list for PBXProject "WM" */;
			compatibilityVersion = "Xcode 3.2";
			developmentRegion = English;
			hasScannedForEncodings = 0;
			knownRegions = (
				en,
				Base,
			);
			mainGroup = 354AFC901B5E3A4100A61612;
			productRefGroup = 354AFC9A1B5E3A4100A61612 /* Products */;
			projectDirPath = "";
			projectRoot = "";
			targets = (
				354AFC981B5E3A4100A61612 /* WM */,
				354AFCAD1B5E3A4100A61612 /* WMTests */,
			);
		};
/* End PBXProject section */

/* Begin PBXResourcesBuildPhase section */
		354AFC971B5E3A4100A61612 /* Resources */ = {
			isa = PBXResourcesBuildPhase;
			buildActionMask = 2147483647;
			files = (
				354AFCA41B5E3A4100A61612 /* Main.storyboard in Resources */,
				354AFCA91B5E3A4100A61612 /* LaunchScreen.xib in Resources */,
				354AFCA61B5E3A4100A61612 /* Images.xcassets in Resources */,
			);
			runOnlyForDeploymentPostprocessing = 0;
		};
		354AFCAC1B5E3A4100A61612 /* Resources */ = {
			isa = PBXResourcesBuildPhase;
			buildActionMask = 2147483647;
			files = (
			);
			runOnlyForDeploymentPostprocessing = 0;
		};
/* End PBXResourcesBuildPhase section */

/* Begin PBXSourcesBuildPhase section */
		354AFC951B5E3A4100A61612 /* Sources */ = {
			isa = PBXSourcesBuildPhase;
			buildActionMask = 2147483647;
			files = (
				354AFCBF1B5E4C2400A61612 /* Team.swift in Sources */,
				354AFCA11B5E3A4100A61612 /* TeamTableViewController.swift in Sources */,
				354AFC9F1B5E3A4100A61612 /* AppDelegate.swift in Sources */,
				3523E8491B5FC6F90042E105 /* Player.swift in Sources */,
				354AFCC11B5E4E7600A61612 /* Util.swift in Sources */,
			);
			runOnlyForDeploymentPostprocessing = 0;
		};
		354AFCAA1B5E3A4100A61612 /* Sources */ = {
			isa = PBXSourcesBuildPhase;
			buildActionMask = 2147483647;
			files = (
				354AFCB51B5E3A4100A61612 /* WMTests.swift in Sources */,
			);
			runOnlyForDeploymentPostprocessing = 0;
		};
/* End PBXSourcesBuildPhase section */

/* Begin PBXTargetDependency section */
		354AFCB01B5E3A4100A61612 /* PBXTargetDependency */ = {
			isa = PBXTargetDependency;
			target = 354AFC981B5E3A4100A61612 /* WM */;
			targetProxy = 354AFCAF1B5E3A4100A61612 /* PBXContainerItemProxy */;
		};
/* End PBXTargetDependency section */

/* Begin PBXVariantGroup section */
		354AFCA21B5E3A4100A61612 /* Main.storyboard */ = {
			isa = PBXVariantGroup;
			children = (
				354AFCA31B5E3A4100A61612 /* Base */,
			);
			name = Main.storyboard;
			sourceTree = "<group>";
		};
		354AFCA71B5E3A4100A61612 /* LaunchScreen.xib */ = {
			isa = PBXVariantGroup;
			children = (
				354AFCA81B5E3A4100A61612 /* Base */,
			);
			name = LaunchScreen.xib;
			sourceTree = "<group>";
		};
/* End PBXVariantGroup section */

/* Begin XCBuildConfiguration section */
		354AFCB61B5E3A4100A61612 /* Debug */ = {
			isa = XCBuildConfiguration;
			buildSettings = {
				ALWAYS_SEARCH_USER_PATHS = NO;
				CLANG_CXX_LANGUAGE_STANDARD = "gnu++0x";
				CLANG_CXX_LIBRARY = "libc++";
				CLANG_ENABLE_MODULES = YES;
				CLANG_ENABLE_OBJC_ARC = YES;
				CLANG_WARN_BOOL_CONVERSION = YES;
				CLANG_WARN_CONSTANT_CONVERSION = YES;
				CLANG_WARN_DIRECT_OBJC_ISA_USAGE = YES_ERROR;
				CLANG_WARN_EMPTY_BODY = YES;
				CLANG_WARN_ENUM_CONVERSION = YES;
				CLANG_WARN_INT_CONVERSION = YES;
				CLANG_WARN_OBJC_ROOT_CLASS = YES_ERROR;
				CLANG_WARN_UNREACHABLE_CODE = YES;
				CLANG_WARN__DUPLICATE_METHOD_MATCH = YES;
				"CODE_SIGN_IDENTITY[sdk=iphoneos*]" = "iPhone Developer";
				COPY_PHASE_STRIP = NO;
				DEBUG_INFORMATION_FORMAT = "dwarf-with-dsym";
				ENABLE_STRICT_OBJC_MSGSEND = YES;
				GCC_C_LANGUAGE_STANDARD = gnu99;
				GCC_DYNAMIC_NO_PIC = NO;
				GCC_NO_COMMON_BLOCKS = YES;
				GCC_OPTIMIZATION_LEVEL = 0;
				GCC_PREPROCESSOR_DEFINITIONS = (
					"DEBUG=1",
					"$(inherited)",
				);
				GCC_SYMBOLS_PRIVATE_EXTERN = NO;
				GCC_WARN_64_TO_32_BIT_CONVERSION = YES;
				GCC_WARN_ABOUT_RETURN_TYPE = YES_ERROR;
				GCC_WARN_UNDECLARED_SELECTOR = YES;
				GCC_WARN_UNINITIALIZED_AUTOS = YES_AGGRESSIVE;
				GCC_WARN_UNUSED_FUNCTION = YES;
				GCC_WARN_UNUSED_VARIABLE = YES;
				IPHONEOS_DEPLOYMENT_TARGET = 8.3;
				MTL_ENABLE_DEBUG_INFO = YES;
				ONLY_ACTIVE_ARCH = YES;
				SDKROOT = iphoneos;
				SWIFT_OPTIMIZATION_LEVEL = "-Onone";
				TARGETED_DEVICE_FAMILY = "1,2";
			};
			name = Debug;
		};
		354AFCB71B5E3A4100A61612 /* Release */ = {
			isa = XCBuildConfiguration;
			buildSettings = {
				ALWAYS_SEARCH_USER_PATHS = NO;
				CLANG_CXX_LANGUAGE_STANDARD = "gnu++0x";
				CLANG_CXX_LIBRARY = "libc++";
				CLANG_ENABLE_MODULES = YES;
				CLANG_ENABLE_OBJC_ARC = YES;
				CLANG_WARN_BOOL_CONVERSION = YES;
				CLANG_WARN_CONSTANT_CONVERSION = YES;
				CLANG_WARN_DIRECT_OBJC_ISA_USAGE = YES_ERROR;
				CLANG_WARN_EMPTY_BODY = YES;
				CLANG_WARN_ENUM_CONVERSION = YES;
				CLANG_WARN_INT_CONVERSION = YES;
				CLANG_WARN_OBJC_ROOT_CLASS = YES_ERROR;
				CLANG_WARN_UNREACHABLE_CODE = YES;
				CLANG_WARN__DUPLICATE_METHOD_MATCH = YES;
				"CODE_SIGN_IDENTITY[sdk=iphoneos*]" = "iPhone Developer";
				COPY_PHASE_STRIP = NO;
				DEBUG_INFORMATION_FORMAT = "dwarf-with-dsym";
				ENABLE_NS_ASSERTIONS = NO;
				ENABLE_STRICT_OBJC_MSGSEND = YES;
				GCC_C_LANGUAGE_STANDARD = gnu99;
				GCC_NO_COMMON_BLOCKS = YES;
				GCC_WARN_64_TO_32_BIT_CONVERSION = YES;
				GCC_WARN_ABOUT_RETURN_TYPE = YES_ERROR;
				GCC_WARN_UNDECLARED_SELECTOR = YES;
				GCC_WARN_UNINITIALIZED_AUTOS = YES_AGGRESSIVE;
				GCC_WARN_UNUSED_FUNCTION = YES;
				GCC_WARN_UNUSED_VARIABLE = YES;
				IPHONEOS_DEPLOYMENT_TARGET = 8.3;
				MTL_ENABLE_DEBUG_INFO = NO;
				SDKROOT = iphoneos;
				TARGETED_DEVICE_FAMILY = "1,2";
				VALIDATE_PRODUCT = YES;
			};
			name = Release;
		};
		354AFCB91B5E3A4100A61612 /* Debug */ = {
			isa = XCBuildConfiguration;
			buildSettings = {
				ASSETCATALOG_COMPILER_APPICON_NAME = AppIcon;
				INFOPLIST_FILE = WM/Info.plist;
				LD_RUNPATH_SEARCH_PATHS = "$(inherited) @executable_path/Frameworks";
				PRODUCT_NAME = "$(TARGET_NAME)";
			};
			name = Debug;
		};
		354AFCBA1B5E3A4100A61612 /* Release */ = {
			isa = XCBuildConfiguration;
			buildSettings = {
				ASSETCATALOG_COMPILER_APPICON_NAME = AppIcon;
				INFOPLIST_FILE = WM/Info.plist;
				LD_RUNPATH_SEARCH_PATHS = "$(inherited) @executable_path/Frameworks";
				PRODUCT_NAME = "$(TARGET_NAME)";
			};
			name = Release;
		};
		354AFCBC1B5E3A4100A61612 /* Debug */ = {
			isa = XCBuildConfiguration;
			buildSettings = {
				BUNDLE_LOADER = "$(TEST_HOST)";
				FRAMEWORK_SEARCH_PATHS = (
					"$(SDKROOT)/Developer/Library/Frameworks",
					"$(inherited)",
				);
				GCC_PREPROCESSOR_DEFINITIONS = (
					"DEBUG=1",
					"$(inherited)",
				);
				INFOPLIST_FILE = WMTests/Info.plist;
				LD_RUNPATH_SEARCH_PATHS = "$(inherited) @executable_path/Frameworks @loader_path/Frameworks";
				PRODUCT_NAME = "$(TARGET_NAME)";
				TEST_HOST = "$(BUILT_PRODUCTS_DIR)/WM.app/WM";
			};
			name = Debug;
		};
		354AFCBD1B5E3A4100A61612 /* Release */ = {
			isa = XCBuildConfiguration;
			buildSettings = {
				BUNDLE_LOADER = "$(TEST_HOST)";
				FRAMEWORK_SEARCH_PATHS = (
					"$(SDKROOT)/Developer/Library/Frameworks",
					"$(inherited)",
				);
				INFOPLIST_FILE = WMTests/Info.plist;
				LD_RUNPATH_SEARCH_PATHS = "$(inherited) @executable_path/Frameworks @loader_path/Frameworks";
				PRODUCT_NAME = "$(TARGET_NAME)";
				TEST_HOST = "$(BUILT_PRODUCTS_DIR)/WM.app/WM";
			};
			name = Release;
		};
/* End XCBuildConfiguration section */

/* Begin XCConfigurationList section */
		354AFC941B5E3A4100A61612 /* Build configuration list for PBXProject "WM" */ = {
			isa = XCConfigurationList;
			buildConfigurations = (
				354AFCB61B5E3A4100A61612 /* Debug */,
				354AFCB71B5E3A4100A61612 /* Release */,
			);
			defaultConfigurationIsVisible = 0;
			defaultConfigurationName = Release;
		};
		354AFCB81B5E3A4100A61612 /* Build configuration list for PBXNativeTarget "WM" */ = {
			isa = XCConfigurationList;
			buildConfigurations = (
				354AFCB91B5E3A4100A61612 /* Debug */,
				354AFCBA1B5E3A4100A61612 /* Release */,
			);
			defaultConfigurationIsVisible = 0;
			defaultConfigurationName = Release;
		};
		354AFCBB1B5E3A4100A61612 /* Build configuration list for PBXNativeTarget "WMTests" */ = {
			isa = XCConfigurationList;
			buildConfigurations = (
				354AFCBC1B5E3A4100A61612 /* Debug */,
				354AFCBD1B5E3A4100A61612 /* Release */,
			);
			defaultConfigurationIsVisible = 0;
			defaultConfigurationName = Release;
		};
/* End XCConfigurationList section */
	};
	rootObject = 354AFC911B5E3A4100A61612 /* Project object */;
}
